
Microsoft Visual Studio Solution File, Format Version 12.00
# Visual Studio Version 17
VisualStudioVersion = 17.9.34616.47
MinimumVisualStudioVersion = 10.0.40219.1
Project("{9A19103F-16F7-4668-BE54-9A1E7A4F7556}") = "zeebe-redis-connector", "zeebe-redis-connector\zeebe-redis-connector.csproj", "{6A5EDB3B-B027-4504-B0ED-BAF3E93A47D3}"
EndProject
Project("{9A19103F-16F7-4668-BE54-9A1E7A4F7556}") = "zeebe-redis-connector-test", "zeebe-redis-connector-test\zeebe-redis-connector-test.csproj", "{03D7D013-E7D3-4701-83C2-1970C5652823}"
EndProject
Project("{2150E333-8FDC-42A3-9474-1A3956D46DE8}") = "Projektmappenelemente", "Projektmappenelemente", "{3CAE60A3-3DC5-4C00-941C-1E0374E82FF1}"
	ProjectSection(SolutionItems) = preProject
		README.md = README.md
	EndProjectSection
EndProject
Global
	GlobalSection(SolutionConfigurationPlatforms) = preSolution
		Debug|Any CPU = Debug|Any CPU
		Release|Any CPU = Release|Any CPU
	EndGlobalSection
	GlobalSection(ProjectConfigurationPlatforms) = postSolution
		{6A5EDB3B-B027-4504-B0ED-BAF3E93A47D3}.Debug|Any CPU.ActiveCfg = Debug|Any CPU
		{6A5EDB3B-B027-4504-B0ED-BAF3E93A47D3}.Debug|Any CPU.Build.0 = Debug|Any CPU
		{6A5EDB3B-B027-4504-B0ED-BAF3E93A47D3}.Release|Any CPU.ActiveCfg = Release|Any CPU
		{6A5EDB3B-B027-4504-B0ED-BAF3E93A47D3}.Release|Any CPU.Build.0 = Release|Any CPU
		{03D7D013-E7D3-4701-83C2-1970C5652823}.Debug|Any CPU.ActiveCfg = Debug|Any CPU
		{03D7D013-E7D3-4701-83C2-1970C5652823}.Debug|Any CPU.Build.0 = Debug|Any CPU
		{03D7D013-E7D3-4701-83C2-1970C5652823}.Release|Any CPU.ActiveCfg = Release|Any CPU
		{03D7D013-E7D3-4701-83C2-1970C5652823}.Release|Any CPU.Build.0 = Release|Any CPU
	EndGlobalSection
	GlobalSection(SolutionProperties) = preSolution
		HideSolutionNode = FALSE
	EndGlobalSection
	GlobalSection(ExtensibilityGlobals) = postSolution
		SolutionGuid = {B4E8E0AB-7254-4ACE-97EA-9D9463981B31}
	EndGlobalSection
EndGlobal
